
Microsoft Visual Studio Solution File, Format Version 12.00
# Visual Studio Version 17
VisualStudioVersion = 17.0.31903.59
MinimumVisualStudioVersion = 10.0.40219.1
Project("{2150E333-8FDC-42A3-9474-1A3956D46DE8}") = "src", "src", "{827E0CD3-B72D-47B6-A68D-7590B98EB39B}"
EndProject
Project("{FAE04EC0-301F-11D3-BF4B-00C04F79EFBC}") = "Smf.Shared", "src\Smf.Shared\Smf.Shared.csproj", "{0992C30E-5B3C-4448-9EE0-642A1E573BD1}"
EndProject
Project("{FAE04EC0-301F-11D3-BF4B-00C04F79EFBC}") = "Smf.Camera", "src\Smf.Camera\Smf.Camera.csproj", "{AF86D319-836C-4324-A499-4B25F234E2C0}"
EndProject
Project("{FAE04EC0-301F-11D3-BF4B-00C04F79EFBC}") = "Smf.Mod", "src\Smf.Mod\Smf.Mod.csproj", "{8CE72576-DDA2-4EF0-A0F7-D6E52A7B2700}"
EndProject
Project("{FAE04EC0-301F-11D3-BF4B-00C04F79EFBC}") = "Smf.Dev", "src\Smf.Dev\Smf.Dev.csproj", "{B203D51A-2AAB-475B-8E14-221878CE4E5C}"
EndProject
Project("{2150E333-8FDC-42A3-9474-1A3956D46DE8}") = "tests", "tests", "{0AB3BF05-4346-4AA6-1389-037BE0695223}"
EndProject
Project("{FAE04EC0-301F-11D3-BF4B-00C04F79EFBC}") = "Smf.Tests", "tests\Smf.Tests\Smf.Tests.csproj", "{5E27617C-CDBF-45C2-A463-B40F8C788E37}"
EndProject
Global
	GlobalSection(SolutionConfigurationPlatforms) = preSolution
		Debug|Any CPU = Debug|Any CPU
		Debug|x64 = Debug|x64
		Debug|x86 = Debug|x86
		Release|Any CPU = Release|Any CPU
		Release|x64 = Release|x64
		Release|x86 = Release|x86
	EndGlobalSection
	GlobalSection(ProjectConfigurationPlatforms) = postSolution
		{0992C30E-5B3C-4448-9EE0-642A1E573BD1}.Debug|Any CPU.ActiveCfg = Debug|Any CPU
		{0992C30E-5B3C-4448-9EE0-642A1E573BD1}.Debug|Any CPU.Build.0 = Debug|Any CPU
		{0992C30E-5B3C-4448-9EE0-642A1E573BD1}.Debug|x64.ActiveCfg = Debug|Any CPU
		{0992C30E-5B3C-4448-9EE0-642A1E573BD1}.Debug|x64.Build.0 = Debug|Any CPU
		{0992C30E-5B3C-4448-9EE0-642A1E573BD1}.Debug|x86.ActiveCfg = Debug|Any CPU
		{0992C30E-5B3C-4448-9EE0-642A1E573BD1}.Debug|x86.Build.0 = Debug|Any CPU
		{0992C30E-5B3C-4448-9EE0-642A1E573BD1}.Release|Any CPU.ActiveCfg = Release|Any CPU
		{0992C30E-5B3C-4448-9EE0-642A1E573BD1}.Release|Any CPU.Build.0 = Release|Any CPU
		{0992C30E-5B3C-4448-9EE0-642A1E573BD1}.Release|x64.ActiveCfg = Release|Any CPU
		{0992C30E-5B3C-4448-9EE0-642A1E573BD1}.Release|x64.Build.0 = Release|Any CPU
		{0992C30E-5B3C-4448-9EE0-642A1E573BD1}.Release|x86.ActiveCfg = Release|Any CPU
		{0992C30E-5B3C-4448-9EE0-642A1E573BD1}.Release|x86.Build.0 = Release|Any CPU
		{AF86D319-836C-4324-A499-4B25F234E2C0}.Debug|Any CPU.ActiveCfg = Debug|Any CPU
		{AF86D319-836C-4324-A499-4B25F234E2C0}.Debug|Any CPU.Build.0 = Debug|Any CPU
		{AF86D319-836C-4324-A499-4B25F234E2C0}.Debug|x64.ActiveCfg = Debug|Any CPU
		{AF86D319-836C-4324-A499-4B25F234E2C0}.Debug|x64.Build.0 = Debug|Any CPU
		{AF86D319-836C-4324-A499-4B25F234E2C0}.Debug|x86.ActiveCfg = Debug|Any CPU
		{AF86D319-836C-4324-A499-4B25F234E2C0}.Debug|x86.Build.0 = Debug|Any CPU
		{AF86D319-836C-4324-A499-4B25F234E2C0}.Release|Any CPU.ActiveCfg = Release|Any CPU
		{AF86D319-836C-4324-A499-4B25F234E2C0}.Release|Any CPU.Build.0 = Release|Any CPU
		{AF86D319-836C-4324-A499-4B25F234E2C0}.Release|x64.ActiveCfg = Release|Any CPU
		{AF86D319-836C-4324-A499-4B25F234E2C0}.Release|x64.Build.0 = Release|Any CPU
		{AF86D319-836C-4324-A499-4B25F234E2C0}.Release|x86.ActiveCfg = Release|Any CPU
		{AF86D319-836C-4324-A499-4B25F234E2C0}.Release|x86.Build.0 = Release|Any CPU
		{8CE72576-DDA2-4EF0-A0F7-D6E52A7B2700}.Debug|Any CPU.ActiveCfg = Debug|Any CPU
		{8CE72576-DDA2-4EF0-A0F7-D6E52A7B2700}.Debug|Any CPU.Build.0 = Debug|Any CPU
		{8CE72576-DDA2-4EF0-A0F7-D6E52A7B2700}.Debug|x64.ActiveCfg = Debug|Any CPU
		{8CE72576-DDA2-4EF0-A0F7-D6E52A7B2700}.Debug|x64.Build.0 = Debug|Any CPU
		{8CE72576-DDA2-4EF0-A0F7-D6E52A7B2700}.Debug|x86.ActiveCfg = Debug|Any CPU
		{8CE72576-DDA2-4EF0-A0F7-D6E52A7B2700}.Debug|x86.Build.0 = Debug|Any CPU
		{8CE72576-DDA2-4EF0-A0F7-D6E52A7B2700}.Release|Any CPU.ActiveCfg = Release|Any CPU
		{8CE72576-DDA2-4EF0-A0F7-D6E52A7B2700}.Release|Any CPU.Build.0 = Release|Any CPU
		{8CE72576-DDA2-4EF0-A0F7-D6E52A7B2700}.Release|x64.ActiveCfg = Release|Any CPU
		{8CE72576-DDA2-4EF0-A0F7-D6E52A7B2700}.Release|x64.Build.0 = Release|Any CPU
		{8CE72576-DDA2-4EF0-A0F7-D6E52A7B2700}.Release|x86.ActiveCfg = Release|Any CPU
		{8CE72576-DDA2-4EF0-A0F7-D6E52A7B2700}.Release|x86.Build.0 = Release|Any CPU
		{B203D51A-2AAB-475B-8E14-221878CE4E5C}.Debug|Any CPU.ActiveCfg = Debug|Any CPU
		{B203D51A-2AAB-475B-8E14-221878CE4E5C}.Debug|Any CPU.Build.0 = Debug|Any CPU
		{B203D51A-2AAB-475B-8E14-221878CE4E5C}.Debug|x64.ActiveCfg = Debug|Any CPU
		{B203D51A-2AAB-475B-8E14-221878CE4E5C}.Debug|x64.Build.0 = Debug|Any CPU
		{B203D51A-2AAB-475B-8E14-221878CE4E5C}.Debug|x86.ActiveCfg = Debug|Any CPU
		{B203D51A-2AAB-475B-8E14-221878CE4E5C}.Debug|x86.Build.0 = Debug|Any CPU
		{B203D51A-2AAB-475B-8E14-221878CE4E5C}.Release|Any CPU.ActiveCfg = Release|Any CPU
		{B203D51A-2AAB-475B-8E14-221878CE4E5C}.Release|Any CPU.Build.0 = Release|Any CPU
		{B203D51A-2AAB-475B-8E14-221878CE4E5C}.Release|x64.ActiveCfg = Release|Any CPU
		{B203D51A-2AAB-475B-8E14-221878CE4E5C}.Release|x64.Build.0 = Release|Any CPU
		{B203D51A-2AAB-475B-8E14-221878CE4E5C}.Release|x86.ActiveCfg = Release|Any CPU
		{B203D51A-2AAB-475B-8E14-221878CE4E5C}.Release|x86.Build.0 = Release|Any CPU
		{5E27617C-CDBF-45C2-A463-B40F8C788E37}.Debug|Any CPU.ActiveCfg = Debug|Any CPU
		{5E27617C-CDBF-45C2-A463-B40F8C788E37}.Debug|Any CPU.Build.0 = Debug|Any CPU
		{5E27617C-CDBF-45C2-A463-B40F8C788E37}.Debug|x64.ActiveCfg = Debug|Any CPU
		{5E27617C-CDBF-45C2-A463-B40F8C788E37}.Debug|x64.Build.0 = Debug|Any CPU
		{5E27617C-CDBF-45C2-A463-B40F8C788E37}.Debug|x86.ActiveCfg = Debug|Any CPU
		{5E27617C-CDBF-45C2-A463-B40F8C788E37}.Debug|x86.Build.0 = Debug|Any CPU
		{5E27617C-CDBF-45C2-A463-B40F8C788E37}.Release|Any CPU.ActiveCfg = Release|Any CPU
		{5E27617C-CDBF-45C2-A463-B40F8C788E37}.Release|Any CPU.Build.0 = Release|Any CPU
		{5E27617C-CDBF-45C2-A463-B40F8C788E37}.Release|x64.ActiveCfg = Release|Any CPU
		{5E27617C-CDBF-45C2-A463-B40F8C788E37}.Release|x64.Build.0 = Release|Any CPU
		{5E27617C-CDBF-45C2-A463-B40F8C788E37}.Release|x86.ActiveCfg = Release|Any CPU
		{5E27617C-CDBF-45C2-A463-B40F8C788E37}.Release|x86.Build.0 = Release|Any CPU
	EndGlobalSection
	GlobalSection(SolutionProperties) = preSolution
		HideSolutionNode = FALSE
	EndGlobalSection
	GlobalSection(NestedProjects) = preSolution
		{0992C30E-5B3C-4448-9EE0-642A1E573BD1} = {827E0CD3-B72D-47B6-A68D-7590B98EB39B}
		{AF86D319-836C-4324-A499-4B25F234E2C0} = {827E0CD3-B72D-47B6-A68D-7590B98EB39B}
		{8CE72576-DDA2-4EF0-A0F7-D6E52A7B2700} = {827E0CD3-B72D-47B6-A68D-7590B98EB39B}
		{B203D51A-2AAB-475B-8E14-221878CE4E5C} = {827E0CD3-B72D-47B6-A68D-7590B98EB39B}
		{5E27617C-CDBF-45C2-A463-B40F8C788E37} = {0AB3BF05-4346-4AA6-1389-037BE0695223}
	EndGlobalSection
EndGlobal
